// !$*UTF8*$!
{
	archiveVersion = 1;
	classes = {
	};
	objectVersion = 55;
	objects = {

/* Begin PBXBuildFile section */
		820759C1282A52860052E852 /* MessageService.swift in Sources */ = {isa = PBXBuildFile; fileRef = 820759C0282A52860052E852 /* MessageService.swift */; };
		820759C3282A74560052E852 /* Message.swift in Sources */ = {isa = PBXBuildFile; fileRef = 820759C2282A74560052E852 /* Message.swift */; };
		820759C7282A78D20052E852 /* ChatViewModel.swift in Sources */ = {isa = PBXBuildFile; fileRef = 820759C6282A78D20052E852 /* ChatViewModel.swift */; };
		820759C9282A7D2A0052E852 /* MessagesViewModel.swift in Sources */ = {isa = PBXBuildFile; fileRef = 820759C8282A7D2A0052E852 /* MessagesViewModel.swift */; };
		820759CB282A9A7E0052E852 /* Chat.swift in Sources */ = {isa = PBXBuildFile; fileRef = 820759CA282A9A7E0052E852 /* Chat.swift */; };
		82174E4B28270FE400F30F1C /* MainNavigationBar.swift in Sources */ = {isa = PBXBuildFile; fileRef = 82174E4A28270FE400F30F1C /* MainNavigationBar.swift */; };
		82174E4D282710F800F30F1C /* NavBarWithBack.swift in Sources */ = {isa = PBXBuildFile; fileRef = 82174E4C282710F800F30F1C /* NavBarWithBack.swift */; };
		82174E4F2827143600F30F1C /* RoundedShape.swift in Sources */ = {isa = PBXBuildFile; fileRef = 82174E4E2827143600F30F1C /* RoundedShape.swift */; };
		8220189828193C8D006CC79F /* GoogleService-Info.plist in Resources */ = {isa = PBXBuildFile; fileRef = 8220189728193C8D006CC79F /* GoogleService-Info.plist */; };
		8220189B2819415C006CC79F /* FirebaseAuth in Frameworks */ = {isa = PBXBuildFile; productRef = 8220189A2819415C006CC79F /* FirebaseAuth */; };
		8220189D2819415C006CC79F /* FirebaseFirestore in Frameworks */ = {isa = PBXBuildFile; productRef = 8220189C2819415C006CC79F /* FirebaseFirestore */; };
		8220189F2819415C006CC79F /* FirebaseFirestoreSwift-Beta in Frameworks */ = {isa = PBXBuildFile; productRef = 8220189E2819415C006CC79F /* FirebaseFirestoreSwift-Beta */; };
		822018A12819415C006CC79F /* FirebaseStorage in Frameworks */ = {isa = PBXBuildFile; productRef = 822018A02819415C006CC79F /* FirebaseStorage */; };
		8223D9AE281AD52500FEAEB1 /* ImageUploader.swift in Sources */ = {isa = PBXBuildFile; fileRef = 8223D9AD281AD52500FEAEB1 /* ImageUploader.swift */; };
		822551B528194AE50024C404 /* AuthViewModel.swift in Sources */ = {isa = PBXBuildFile; fileRef = 822551B428194AE50024C404 /* AuthViewModel.swift */; };
		822CADDD281A89F200CD9C0F /* ImagePicker.swift in Sources */ = {isa = PBXBuildFile; fileRef = 822CADDC281A89F200CD9C0F /* ImagePicker.swift */; };
		822F23632816D0850041D076 /* TweetFilterViewModel.swift in Sources */ = {isa = PBXBuildFile; fileRef = 822F23622816D0850041D076 /* TweetFilterViewModel.swift */; };
		822F23652816D6C80041D076 /* TweetsView.swift in Sources */ = {isa = PBXBuildFile; fileRef = 822F23642816D6C80041D076 /* TweetsView.swift */; };
		822F236B2816D8EF0041D076 /* UserRowView.swift in Sources */ = {isa = PBXBuildFile; fileRef = 822F236A2816D8EF0041D076 /* UserRowView.swift */; };
		822F23702816DC6D0041D076 /* SideMenuView.swift in Sources */ = {isa = PBXBuildFile; fileRef = 822F236F2816DC6D0041D076 /* SideMenuView.swift */; };
		822F23722816DC7E0041D076 /* SideMenuRowView.swift in Sources */ = {isa = PBXBuildFile; fileRef = 822F23712816DC7E0041D076 /* SideMenuRowView.swift */; };
		822F23742816DC8A0041D076 /* SideMenuViewModel.swift in Sources */ = {isa = PBXBuildFile; fileRef = 822F23732816DC8A0041D076 /* SideMenuViewModel.swift */; };
		822F23762816DE230041D076 /* ProfileFollowView.swift in Sources */ = {isa = PBXBuildFile; fileRef = 822F23752816DE230041D076 /* ProfileFollowView.swift */; };
		822F237A2816E1EE0041D076 /* MainTabViewModels.swift in Sources */ = {isa = PBXBuildFile; fileRef = 822F23792816E1EE0041D076 /* MainTabViewModels.swift */; };
		8252534128324A3300CF6B4F /* UINavigationControllerExtension.swift in Sources */ = {isa = PBXBuildFile; fileRef = 8252534028324A3300CF6B4F /* UINavigationControllerExtension.swift */; };
		82557E9D28296894006DA0E9 /* MessagesView.swift in Sources */ = {isa = PBXBuildFile; fileRef = 82557E9C28296894006DA0E9 /* MessagesView.swift */; };
		82557EA0282969F3006DA0E9 /* SingleMessageView.swift in Sources */ = {isa = PBXBuildFile; fileRef = 82557E9F282969F3006DA0E9 /* SingleMessageView.swift */; };
		825B3C22281BD71C000EE316 /* UserService.swift in Sources */ = {isa = PBXBuildFile; fileRef = 825B3C21281BD71C000EE316 /* UserService.swift */; };
		825B3C24281BD857000EE316 /* User.swift in Sources */ = {isa = PBXBuildFile; fileRef = 825B3C23281BD857000EE316 /* User.swift */; };
		825B3C27281BDD5A000EE316 /* Kingfisher in Frameworks */ = {isa = PBXBuildFile; productRef = 825B3C26281BDD5A000EE316 /* Kingfisher */; };
		825B3C29281BE5FF000EE316 /* ExploreViewModel.swift in Sources */ = {isa = PBXBuildFile; fileRef = 825B3C28281BE5FF000EE316 /* ExploreViewModel.swift */; };
		825B3C2B281BE73B000EE316 /* UserProfileImageView.swift in Sources */ = {isa = PBXBuildFile; fileRef = 825B3C2A281BE73B000EE316 /* UserProfileImageView.swift */; };
		82791AC0282BC476005F29B0 /* FlippedUpsideDown.swift in Sources */ = {isa = PBXBuildFile; fileRef = 82791ABF282BC476005F29B0 /* FlippedUpsideDown.swift */; };
		8279FB872825792A003F0409 /* TweetInteractionButtons.swift in Sources */ = {isa = PBXBuildFile; fileRef = 8279FB862825792A003F0409 /* TweetInteractionButtons.swift */; };
		8279FB8B2825A16D003F0409 /* NavigationButton.swift in Sources */ = {isa = PBXBuildFile; fileRef = 8279FB8A2825A16D003F0409 /* NavigationButton.swift */; };
		8279FB8D2825A713003F0409 /* NavigationBar.swift in Sources */ = {isa = PBXBuildFile; fileRef = 8279FB8C2825A713003F0409 /* NavigationBar.swift */; };
		828563B028255B0C00EF9CE6 /* TweetView.swift in Sources */ = {isa = PBXBuildFile; fileRef = 828563AF28255B0C00EF9CE6 /* TweetView.swift */; };
		8285BF6D28202C7A004019F9 /* SearchBarView.swift in Sources */ = {isa = PBXBuildFile; fileRef = 8285BF6C28202C7A004019F9 /* SearchBarView.swift */; };
		828A93392815F10C0065F0FE /* Twitter_CloneApp.swift in Sources */ = {isa = PBXBuildFile; fileRef = 828A93382815F10C0065F0FE /* Twitter_CloneApp.swift */; };
		828A933B2815F10C0065F0FE /* ContentView.swift in Sources */ = {isa = PBXBuildFile; fileRef = 828A933A2815F10C0065F0FE /* ContentView.swift */; };
		828A933D2815F10D0065F0FE /* Assets.xcassets in Resources */ = {isa = PBXBuildFile; fileRef = 828A933C2815F10D0065F0FE /* Assets.xcassets */; };
		828A93402815F10D0065F0FE /* Preview Assets.xcassets in Resources */ = {isa = PBXBuildFile; fileRef = 828A933F2815F10D0065F0FE /* Preview Assets.xcassets */; };
		828A93512815F1EB0065F0FE /* FeedView.swift in Sources */ = {isa = PBXBuildFile; fileRef = 828A93502815F1EB0065F0FE /* FeedView.swift */; };
		828A93532815F2B70065F0FE /* TweetRowView.swift in Sources */ = {isa = PBXBuildFile; fileRef = 828A93522815F2B70065F0FE /* TweetRowView.swift */; };
		828A93562815FA5E0065F0FE /* MainTabView.swift in Sources */ = {isa = PBXBuildFile; fileRef = 828A93552815FA5E0065F0FE /* MainTabView.swift */; };
		828A935B2815FB380065F0FE /* ExploreView.swift in Sources */ = {isa = PBXBuildFile; fileRef = 828A935A2815FB380065F0FE /* ExploreView.swift */; };
		828A935D2815FB4D0065F0FE /* NotificationsView.swift in Sources */ = {isa = PBXBuildFile; fileRef = 828A935C2815FB4D0065F0FE /* NotificationsView.swift */; };
		828A935F2815FB6F0065F0FE /* ChatView.swift in Sources */ = {isa = PBXBuildFile; fileRef = 828A935E2815FB6F0065F0FE /* ChatView.swift */; };
		828A93642815FC900065F0FE /* ProfileView.swift in Sources */ = {isa = PBXBuildFile; fileRef = 828A93632815FC900065F0FE /* ProfileView.swift */; };
		829A264E282807F300867995 /* ChatRowView.swift in Sources */ = {isa = PBXBuildFile; fileRef = 829A264D282807F300867995 /* ChatRowView.swift */; };
		829F0167282D4BC900833745 /* DateExtension.swift in Sources */ = {isa = PBXBuildFile; fileRef = 829F0166282D4BC900833745 /* DateExtension.swift */; };
		82A5B758281FC99F0037F13A /* TweetService.swift in Sources */ = {isa = PBXBuildFile; fileRef = 82A5B757281FC99F0037F13A /* TweetService.swift */; };
		82A5B75A281FCA670037F13A /* NewTweetViewModel.swift in Sources */ = {isa = PBXBuildFile; fileRef = 82A5B759281FCA670037F13A /* NewTweetViewModel.swift */; };
		82A5B75C281FD07C0037F13A /* Tweet.swift in Sources */ = {isa = PBXBuildFile; fileRef = 82A5B75B281FD07C0037F13A /* Tweet.swift */; };
		82A5B75E281FDA000037F13A /* FeedViewModel.swift in Sources */ = {isa = PBXBuildFile; fileRef = 82A5B75D281FDA000037F13A /* FeedViewModel.swift */; };
		82A5B760281FE5B10037F13A /* ProfileViewModel.swift in Sources */ = {isa = PBXBuildFile; fileRef = 82A5B75F281FE5B10037F13A /* ProfileViewModel.swift */; };
		82A5B764281FF0A70037F13A /* TweetRowViewModel.swift in Sources */ = {isa = PBXBuildFile; fileRef = 82A5B763281FF0A70037F13A /* TweetRowViewModel.swift */; };
		82AA19852824FF81000A2A16 /* SideBarStack.swift in Sources */ = {isa = PBXBuildFile; fileRef = 82AA19842824FF81000A2A16 /* SideBarStack.swift */; };
		82B6391728187C3700BB66C5 /* ViewExtension.swift in Sources */ = {isa = PBXBuildFile; fileRef = 82B6391628187C3700BB66C5 /* ViewExtension.swift */; };
		82BAA81B28173BC30066DCE5 /* NewTweetView.swift in Sources */ = {isa = PBXBuildFile; fileRef = 82BAA81A28173BC30066DCE5 /* NewTweetView.swift */; };
		82BAA81D28173CCC0066DCE5 /* TextAreaView.swift in Sources */ = {isa = PBXBuildFile; fileRef = 82BAA81C28173CCC0066DCE5 /* TextAreaView.swift */; };
		82BAA822281742A20066DCE5 /* LoginView.swift in Sources */ = {isa = PBXBuildFile; fileRef = 82BAA821281742A20066DCE5 /* LoginView.swift */; };
		82C100BA2817ECE40030DF3F /* CustomTextField.swift in Sources */ = {isa = PBXBuildFile; fileRef = 82C100B92817ECE40030DF3F /* CustomTextField.swift */; };
		82C100C2281816830030DF3F /* AuthenticationHeaderView.swift in Sources */ = {isa = PBXBuildFile; fileRef = 82C100C1281816830030DF3F /* AuthenticationHeaderView.swift */; };
		82C100C4281818BD0030DF3F /* AuthButton.swift in Sources */ = {isa = PBXBuildFile; fileRef = 82C100C3281818BD0030DF3F /* AuthButton.swift */; };
		82D691C828196ED10043B3DB /* SignupView.swift in Sources */ = {isa = PBXBuildFile; fileRef = 82D691C728196ED10043B3DB /* SignupView.swift */; };
/* End PBXBuildFile section */

/* Begin PBXFileReference section */
		820759C0282A52860052E852 /* MessageService.swift */ = {isa = PBXFileReference; lastKnownFileType = sourcecode.swift; path = MessageService.swift; sourceTree = "<group>"; };
		820759C2282A74560052E852 /* Message.swift */ = {isa = PBXFileReference; lastKnownFileType = sourcecode.swift; path = Message.swift; sourceTree = "<group>"; };
		820759C6282A78D20052E852 /* ChatViewModel.swift */ = {isa = PBXFileReference; lastKnownFileType = sourcecode.swift; path = ChatViewModel.swift; sourceTree = "<group>"; };
		820759C8282A7D2A0052E852 /* MessagesViewModel.swift */ = {isa = PBXFileReference; lastKnownFileType = sourcecode.swift; path = MessagesViewModel.swift; sourceTree = "<group>"; };
		820759CA282A9A7E0052E852 /* Chat.swift */ = {isa = PBXFileReference; lastKnownFileType = sourcecode.swift; path = Chat.swift; sourceTree = "<group>"; };
		82174E4A28270FE400F30F1C /* MainNavigationBar.swift */ = {isa = PBXFileReference; lastKnownFileType = sourcecode.swift; path = MainNavigationBar.swift; sourceTree = "<group>"; };
		82174E4C282710F800F30F1C /* NavBarWithBack.swift */ = {isa = PBXFileReference; lastKnownFileType = sourcecode.swift; path = NavBarWithBack.swift; sourceTree = "<group>"; };
		82174E4E2827143600F30F1C /* RoundedShape.swift */ = {isa = PBXFileReference; fileEncoding = 4; lastKnownFileType = sourcecode.swift; path = RoundedShape.swift; sourceTree = "<group>"; };
		8220189728193C8D006CC79F /* GoogleService-Info.plist */ = {isa = PBXFileReference; fileEncoding = 4; lastKnownFileType = text.plist.xml; path = "GoogleService-Info.plist"; sourceTree = "<group>"; };
		8223D9AD281AD52500FEAEB1 /* ImageUploader.swift */ = {isa = PBXFileReference; lastKnownFileType = sourcecode.swift; path = ImageUploader.swift; sourceTree = "<group>"; };
		822551B428194AE50024C404 /* AuthViewModel.swift */ = {isa = PBXFileReference; lastKnownFileType = sourcecode.swift; path = AuthViewModel.swift; sourceTree = "<group>"; };
		822CADDC281A89F200CD9C0F /* ImagePicker.swift */ = {isa = PBXFileReference; lastKnownFileType = sourcecode.swift; path = ImagePicker.swift; sourceTree = "<group>"; };
		822F23622816D0850041D076 /* TweetFilterViewModel.swift */ = {isa = PBXFileReference; lastKnownFileType = sourcecode.swift; path = TweetFilterViewModel.swift; sourceTree = "<group>"; };
		822F23642816D6C80041D076 /* TweetsView.swift */ = {isa = PBXFileReference; lastKnownFileType = sourcecode.swift; path = TweetsView.swift; sourceTree = "<group>"; };
		822F236A2816D8EF0041D076 /* UserRowView.swift */ = {isa = PBXFileReference; lastKnownFileType = sourcecode.swift; path = UserRowView.swift; sourceTree = "<group>"; };
		822F236F2816DC6D0041D076 /* SideMenuView.swift */ = {isa = PBXFileReference; lastKnownFileType = sourcecode.swift; path = SideMenuView.swift; sourceTree = "<group>"; };
		822F23712816DC7E0041D076 /* SideMenuRowView.swift */ = {isa = PBXFileReference; lastKnownFileType = sourcecode.swift; path = SideMenuRowView.swift; sourceTree = "<group>"; };
		822F23732816DC8A0041D076 /* SideMenuViewModel.swift */ = {isa = PBXFileReference; lastKnownFileType = sourcecode.swift; path = SideMenuViewModel.swift; sourceTree = "<group>"; };
		822F23752816DE230041D076 /* ProfileFollowView.swift */ = {isa = PBXFileReference; lastKnownFileType = sourcecode.swift; path = ProfileFollowView.swift; sourceTree = "<group>"; };
		822F23792816E1EE0041D076 /* MainTabViewModels.swift */ = {isa = PBXFileReference; lastKnownFileType = sourcecode.swift; path = MainTabViewModels.swift; sourceTree = "<group>"; };
		8252534028324A3300CF6B4F /* UINavigationControllerExtension.swift */ = {isa = PBXFileReference; lastKnownFileType = sourcecode.swift; path = UINavigationControllerExtension.swift; sourceTree = "<group>"; };
		82557E9C28296894006DA0E9 /* MessagesView.swift */ = {isa = PBXFileReference; lastKnownFileType = sourcecode.swift; path = MessagesView.swift; sourceTree = "<group>"; };
		82557E9F282969F3006DA0E9 /* SingleMessageView.swift */ = {isa = PBXFileReference; lastKnownFileType = sourcecode.swift; path = SingleMessageView.swift; sourceTree = "<group>"; };
		825B3C21281BD71C000EE316 /* UserService.swift */ = {isa = PBXFileReference; lastKnownFileType = sourcecode.swift; path = UserService.swift; sourceTree = "<group>"; };
		825B3C23281BD857000EE316 /* User.swift */ = {isa = PBXFileReference; lastKnownFileType = sourcecode.swift; path = User.swift; sourceTree = "<group>"; };
		825B3C28281BE5FF000EE316 /* ExploreViewModel.swift */ = {isa = PBXFileReference; lastKnownFileType = sourcecode.swift; path = ExploreViewModel.swift; sourceTree = "<group>"; };
		825B3C2A281BE73B000EE316 /* UserProfileImageView.swift */ = {isa = PBXFileReference; lastKnownFileType = sourcecode.swift; path = UserProfileImageView.swift; sourceTree = "<group>"; };
		82791ABF282BC476005F29B0 /* FlippedUpsideDown.swift */ = {isa = PBXFileReference; fileEncoding = 4; lastKnownFileType = sourcecode.swift; path = FlippedUpsideDown.swift; sourceTree = "<group>"; };
		8279FB862825792A003F0409 /* TweetInteractionButtons.swift */ = {isa = PBXFileReference; lastKnownFileType = sourcecode.swift; path = TweetInteractionButtons.swift; sourceTree = "<group>"; };
		8279FB8A2825A16D003F0409 /* NavigationButton.swift */ = {isa = PBXFileReference; lastKnownFileType = sourcecode.swift; path = NavigationButton.swift; sourceTree = "<group>"; };
		8279FB8C2825A713003F0409 /* NavigationBar.swift */ = {isa = PBXFileReference; lastKnownFileType = sourcecode.swift; path = NavigationBar.swift; sourceTree = "<group>"; };
		828563AF28255B0C00EF9CE6 /* TweetView.swift */ = {isa = PBXFileReference; lastKnownFileType = sourcecode.swift; path = TweetView.swift; sourceTree = "<group>"; };
		8285BF6C28202C7A004019F9 /* SearchBarView.swift */ = {isa = PBXFileReference; lastKnownFileType = sourcecode.swift; path = SearchBarView.swift; sourceTree = "<group>"; };
		828A93352815F10C0065F0FE /* Twitter Clone.app */ = {isa = PBXFileReference; explicitFileType = wrapper.application; includeInIndex = 0; path = "Twitter Clone.app"; sourceTree = BUILT_PRODUCTS_DIR; };
		828A93382815F10C0065F0FE /* Twitter_CloneApp.swift */ = {isa = PBXFileReference; lastKnownFileType = sourcecode.swift; path = Twitter_CloneApp.swift; sourceTree = "<group>"; };
		828A933A2815F10C0065F0FE /* ContentView.swift */ = {isa = PBXFileReference; lastKnownFileType = sourcecode.swift; path = ContentView.swift; sourceTree = "<group>"; };
		828A933C2815F10D0065F0FE /* Assets.xcassets */ = {isa = PBXFileReference; lastKnownFileType = folder.assetcatalog; path = Assets.xcassets; sourceTree = "<group>"; };
		828A933F2815F10D0065F0FE /* Preview Assets.xcassets */ = {isa = PBXFileReference; lastKnownFileType = folder.assetcatalog; path = "Preview Assets.xcassets"; sourceTree = "<group>"; };
		828A93502815F1EB0065F0FE /* FeedView.swift */ = {isa = PBXFileReference; lastKnownFileType = sourcecode.swift; path = FeedView.swift; sourceTree = "<group>"; };
		828A93522815F2B70065F0FE /* TweetRowView.swift */ = {isa = PBXFileReference; lastKnownFileType = sourcecode.swift; path = TweetRowView.swift; sourceTree = "<group>"; };
		828A93552815FA5E0065F0FE /* MainTabView.swift */ = {isa = PBXFileReference; lastKnownFileType = sourcecode.swift; path = MainTabView.swift; sourceTree = "<group>"; };
		828A935A2815FB380065F0FE /* ExploreView.swift */ = {isa = PBXFileReference; lastKnownFileType = sourcecode.swift; path = ExploreView.swift; sourceTree = "<group>"; };
		828A935C2815FB4D0065F0FE /* NotificationsView.swift */ = {isa = PBXFileReference; lastKnownFileType = sourcecode.swift; path = NotificationsView.swift; sourceTree = "<group>"; };
		828A935E2815FB6F0065F0FE /* ChatView.swift */ = {isa = PBXFileReference; lastKnownFileType = sourcecode.swift; path = ChatView.swift; sourceTree = "<group>"; };
		828A93632815FC900065F0FE /* ProfileView.swift */ = {isa = PBXFileReference; lastKnownFileType = sourcecode.swift; path = ProfileView.swift; sourceTree = "<group>"; };
		829A264D282807F300867995 /* ChatRowView.swift */ = {isa = PBXFileReference; lastKnownFileType = sourcecode.swift; path = ChatRowView.swift; sourceTree = "<group>"; };
		829F0166282D4BC900833745 /* DateExtension.swift */ = {isa = PBXFileReference; lastKnownFileType = sourcecode.swift; path = DateExtension.swift; sourceTree = "<group>"; };
		82A5B757281FC99F0037F13A /* TweetService.swift */ = {isa = PBXFileReference; lastKnownFileType = sourcecode.swift; path = TweetService.swift; sourceTree = "<group>"; };
		82A5B759281FCA670037F13A /* NewTweetViewModel.swift */ = {isa = PBXFileReference; lastKnownFileType = sourcecode.swift; path = NewTweetViewModel.swift; sourceTree = "<group>"; };
		82A5B75B281FD07C0037F13A /* Tweet.swift */ = {isa = PBXFileReference; lastKnownFileType = sourcecode.swift; path = Tweet.swift; sourceTree = "<group>"; };
		82A5B75D281FDA000037F13A /* FeedViewModel.swift */ = {isa = PBXFileReference; lastKnownFileType = sourcecode.swift; path = FeedViewModel.swift; sourceTree = "<group>"; };
		82A5B75F281FE5B10037F13A /* ProfileViewModel.swift */ = {isa = PBXFileReference; lastKnownFileType = sourcecode.swift; path = ProfileViewModel.swift; sourceTree = "<group>"; };
		82A5B763281FF0A70037F13A /* TweetRowViewModel.swift */ = {isa = PBXFileReference; lastKnownFileType = sourcecode.swift; path = TweetRowViewModel.swift; sourceTree = "<group>"; };
		82AA19842824FF81000A2A16 /* SideBarStack.swift */ = {isa = PBXFileReference; lastKnownFileType = sourcecode.swift; path = SideBarStack.swift; sourceTree = "<group>"; };
		82B6391628187C3700BB66C5 /* ViewExtension.swift */ = {isa = PBXFileReference; lastKnownFileType = sourcecode.swift; path = ViewExtension.swift; sourceTree = "<group>"; };
		82BAA81A28173BC30066DCE5 /* NewTweetView.swift */ = {isa = PBXFileReference; lastKnownFileType = sourcecode.swift; path = NewTweetView.swift; sourceTree = "<group>"; };
		82BAA81C28173CCC0066DCE5 /* TextAreaView.swift */ = {isa = PBXFileReference; lastKnownFileType = sourcecode.swift; path = TextAreaView.swift; sourceTree = "<group>"; };
		82BAA821281742A20066DCE5 /* LoginView.swift */ = {isa = PBXFileReference; lastKnownFileType = sourcecode.swift; path = LoginView.swift; sourceTree = "<group>"; };
		82C100B92817ECE40030DF3F /* CustomTextField.swift */ = {isa = PBXFileReference; lastKnownFileType = sourcecode.swift; path = CustomTextField.swift; sourceTree = "<group>"; };
		82C100C1281816830030DF3F /* AuthenticationHeaderView.swift */ = {isa = PBXFileReference; lastKnownFileType = sourcecode.swift; path = AuthenticationHeaderView.swift; sourceTree = "<group>"; };
		82C100C3281818BD0030DF3F /* AuthButton.swift */ = {isa = PBXFileReference; lastKnownFileType = sourcecode.swift; path = AuthButton.swift; sourceTree = "<group>"; };
		82D691C728196ED10043B3DB /* SignupView.swift */ = {isa = PBXFileReference; lastKnownFileType = sourcecode.swift; path = SignupView.swift; sourceTree = "<group>"; };
/* End PBXFileReference section */

/* Begin PBXFrameworksBuildPhase section */
		828A93322815F10C0065F0FE /* Frameworks */ = {
			isa = PBXFrameworksBuildPhase;
			buildActionMask = 2147483647;
			files = (
				8220189F2819415C006CC79F /* FirebaseFirestoreSwift-Beta in Frameworks */,
				822018A12819415C006CC79F /* FirebaseStorage in Frameworks */,
				8220189B2819415C006CC79F /* FirebaseAuth in Frameworks */,
				8220189D2819415C006CC79F /* FirebaseFirestore in Frameworks */,
				825B3C27281BDD5A000EE316 /* Kingfisher in Frameworks */,
			);
			runOnlyForDeploymentPostprocessing = 0;
		};
/* End PBXFrameworksBuildPhase section */

/* Begin PBXGroup section */
		820759C4282A78AD0052E852 /* Views */ = {
			isa = PBXGroup;
			children = (
				829A264D282807F300867995 /* ChatRowView.swift */,
				82557E9F282969F3006DA0E9 /* SingleMessageView.swift */,
			);
			path = Views;
			sourceTree = "<group>";
		};
		82174E4828270F2F00F30F1C /* NavigationBar */ = {
			isa = PBXGroup;
			children = (
				8279FB8C2825A713003F0409 /* NavigationBar.swift */,
				82174E4A28270FE400F30F1C /* MainNavigationBar.swift */,
				82174E4C282710F800F30F1C /* NavBarWithBack.swift */,
			);
			path = NavigationBar;
			sourceTree = "<group>";
		};
		82174E4928270F4600F30F1C /* Buttons */ = {
			isa = PBXGroup;
			children = (
				8279FB8A2825A16D003F0409 /* NavigationButton.swift */,
				82C100C3281818BD0030DF3F /* AuthButton.swift */,
			);
			path = Buttons;
			sourceTree = "<group>";
		};
		8220189628193B71006CC79F /* Profile */ = {
			isa = PBXGroup;
			children = (
				825B3C2A281BE73B000EE316 /* UserProfileImageView.swift */,
				822F23752816DE230041D076 /* ProfileFollowView.swift */,
			);
			path = Profile;
			sourceTree = "<group>";
		};
		822CADDB281A89DF00CD9C0F /* Utils */ = {
			isa = PBXGroup;
			children = (
				82791ABC282BC039005F29B0 /* ViewModifiers */,
				822CADDC281A89F200CD9C0F /* ImagePicker.swift */,
			);
			path = Utils;
			sourceTree = "<group>";
		};
		822F23662816D8350041D076 /* Views */ = {
			isa = PBXGroup;
			children = (
				828A935A2815FB380065F0FE /* ExploreView.swift */,
			);
			path = Views;
			sourceTree = "<group>";
		};
		822F23672816D83C0041D076 /* ViewModels */ = {
			isa = PBXGroup;
			children = (
				825B3C28281BE5FF000EE316 /* ExploreViewModel.swift */,
			);
			path = ViewModels;
			sourceTree = "<group>";
		};
		822F23682816D8CE0041D076 /* Tweets */ = {
			isa = PBXGroup;
			children = (
				82A5B762281FF08B0037F13A /* ViewModels */,
				82A5B761281FF07F0037F13A /* Views */,
			);
			path = Tweets;
			sourceTree = "<group>";
		};
		822F23692816D8D80041D076 /* Users */ = {
			isa = PBXGroup;
			children = (
				822F236A2816D8EF0041D076 /* UserRowView.swift */,
			);
			path = Users;
			sourceTree = "<group>";
		};
		822F236C2816DC500041D076 /* SideMenu */ = {
			isa = PBXGroup;
			children = (
				822F236E2816DC600041D076 /* ViewModels */,
				822F236D2816DC5A0041D076 /* Views */,
			);
			path = SideMenu;
			sourceTree = "<group>";
		};
		822F236D2816DC5A0041D076 /* Views */ = {
			isa = PBXGroup;
			children = (
				822F236F2816DC6D0041D076 /* SideMenuView.swift */,
				822F23712816DC7E0041D076 /* SideMenuRowView.swift */,
			);
			path = Views;
			sourceTree = "<group>";
		};
		822F236E2816DC600041D076 /* ViewModels */ = {
			isa = PBXGroup;
			children = (
				822F23732816DC8A0041D076 /* SideMenuViewModel.swift */,
			);
			path = ViewModels;
			sourceTree = "<group>";
		};
		822F23772816E1C70041D076 /* ViewModels */ = {
			isa = PBXGroup;
			children = (
				822F23792816E1EE0041D076 /* MainTabViewModels.swift */,
			);
			path = ViewModels;
			sourceTree = "<group>";
		};
		822F23782816E1D50041D076 /* Views */ = {
			isa = PBXGroup;
			children = (
				828A93552815FA5E0065F0FE /* MainTabView.swift */,
			);
			path = Views;
			sourceTree = "<group>";
		};
		82557E9A282967F3006DA0E9 /* Views */ = {
			isa = PBXGroup;
			children = (
				828A935E2815FB6F0065F0FE /* ChatView.swift */,
				82557E9C28296894006DA0E9 /* MessagesView.swift */,
			);
			path = Views;
			sourceTree = "<group>";
		};
		82557E9B282967FC006DA0E9 /* ViewModels */ = {
			isa = PBXGroup;
			children = (
				820759C6282A78D20052E852 /* ChatViewModel.swift */,
				820759C8282A7D2A0052E852 /* MessagesViewModel.swift */,
			);
			path = ViewModels;
			sourceTree = "<group>";
		};
		82557E9E2829699E006DA0E9 /* Messages */ = {
			isa = PBXGroup;
			children = (
				820759C4282A78AD0052E852 /* Views */,
			);
			path = Messages;
			sourceTree = "<group>";
		};
		82791ABC282BC039005F29B0 /* ViewModifiers */ = {
			isa = PBXGroup;
			children = (
				82791ABF282BC476005F29B0 /* FlippedUpsideDown.swift */,
			);
			path = ViewModifiers;
			sourceTree = "<group>";
		};
		828563AC28255AC700EF9CE6 /* Tweet */ = {
			isa = PBXGroup;
			children = (
				828563AE28255AD900EF9CE6 /* ViewModels */,
				828563AD28255AD200EF9CE6 /* Views */,
			);
			path = Tweet;
			sourceTree = "<group>";
		};
		828563AD28255AD200EF9CE6 /* Views */ = {
			isa = PBXGroup;
			children = (
				828563AF28255B0C00EF9CE6 /* TweetView.swift */,
			);
			path = Views;
			sourceTree = "<group>";
		};
		828563AE28255AD900EF9CE6 /* ViewModels */ = {
			isa = PBXGroup;
			children = (
			);
			path = ViewModels;
			sourceTree = "<group>";
		};
		828A932C2815F10C0065F0FE = {
			isa = PBXGroup;
			children = (
				828A93372815F10C0065F0FE /* Twitter Clone */,
				828A93362815F10C0065F0FE /* Products */,
			);
			sourceTree = "<group>";
		};
		828A93362815F10C0065F0FE /* Products */ = {
			isa = PBXGroup;
			children = (
				828A93352815F10C0065F0FE /* Twitter Clone.app */,
			);
			name = Products;
			sourceTree = "<group>";
		};
		828A93372815F10C0065F0FE /* Twitter Clone */ = {
			isa = PBXGroup;
			children = (
				822CADDB281A89DF00CD9C0F /* Utils */,
				828A934B2815F1530065F0FE /* Extensions */,
				828A934A2815F1510065F0FE /* Models */,
				828A93492815F14E0065F0FE /* Services */,
				828A93462815F13C0065F0FE /* Core */,
				828A933A2815F10C0065F0FE /* ContentView.swift */,
				828A93382815F10C0065F0FE /* Twitter_CloneApp.swift */,
				828A933C2815F10D0065F0FE /* Assets.xcassets */,
				8220189728193C8D006CC79F /* GoogleService-Info.plist */,
				828A933E2815F10D0065F0FE /* Preview Content */,
			);
			path = "Twitter Clone";
			sourceTree = "<group>";
		};
		828A933E2815F10D0065F0FE /* Preview Content */ = {
			isa = PBXGroup;
			children = (
				828A933F2815F10D0065F0FE /* Preview Assets.xcassets */,
			);
			path = "Preview Content";
			sourceTree = "<group>";
		};
		828A93462815F13C0065F0FE /* Core */ = {
			isa = PBXGroup;
			children = (
				828A934C2815F17D0065F0FE /* Components */,
				82BAA81E281742790066DCE5 /* Authentication */,
				82BAA81728173B9B0066DCE5 /* CreateTweet */,
				828A93572815FAEC0065F0FE /* Explore */,
				828A934D2815F1860065F0FE /* Feed */,
				828A93542815FA490065F0FE /* MainTab */,
				828A93592815FAFB0065F0FE /* Messages */,
				828A93582815FAF40065F0FE /* Notifications */,
				828A93602815FC620065F0FE /* Profile */,
				822F236C2816DC500041D076 /* SideMenu */,
				828563AC28255AC700EF9CE6 /* Tweet */,
			);
			path = Core;
			sourceTree = "<group>";
		};
		828A93492815F14E0065F0FE /* Services */ = {
			isa = PBXGroup;
			children = (
				8223D9AD281AD52500FEAEB1 /* ImageUploader.swift */,
				825B3C21281BD71C000EE316 /* UserService.swift */,
				82A5B757281FC99F0037F13A /* TweetService.swift */,
				820759C0282A52860052E852 /* MessageService.swift */,
			);
			path = Services;
			sourceTree = "<group>";
		};
		828A934A2815F1510065F0FE /* Models */ = {
			isa = PBXGroup;
			children = (
				825B3C23281BD857000EE316 /* User.swift */,
				82A5B75B281FD07C0037F13A /* Tweet.swift */,
				820759C2282A74560052E852 /* Message.swift */,
				820759CA282A9A7E0052E852 /* Chat.swift */,
			);
			path = Models;
			sourceTree = "<group>";
		};
		828A934B2815F1530065F0FE /* Extensions */ = {
			isa = PBXGroup;
			children = (
				82B6391628187C3700BB66C5 /* ViewExtension.swift */,
				829F0166282D4BC900833745 /* DateExtension.swift */,
				8252534028324A3300CF6B4F /* UINavigationControllerExtension.swift */,
			);
			path = Extensions;
			sourceTree = "<group>";
		};
		828A934C2815F17D0065F0FE /* Components */ = {
			isa = PBXGroup;
			children = (
				82174E4E2827143600F30F1C /* RoundedShape.swift */,
				82AA19842824FF81000A2A16 /* SideBarStack.swift */,
				82C100C0281816690030DF3F /* Authentication */,
				82174E4928270F4600F30F1C /* Buttons */,
				82557E9E2829699E006DA0E9 /* Messages */,
				82174E4828270F2F00F30F1C /* NavigationBar */,
				8220189628193B71006CC79F /* Profile */,
				82C100BB2817F3FD0030DF3F /* TextField */,
				822F23682816D8CE0041D076 /* Tweets */,
				822F23692816D8D80041D076 /* Users */,
			);
			path = Components;
			sourceTree = "<group>";
		};
		828A934D2815F1860065F0FE /* Feed */ = {
			isa = PBXGroup;
			children = (
				828A934E2815F1A90065F0FE /* ViewModels */,
				828A934F2815F1C60065F0FE /* Views */,
			);
			path = Feed;
			sourceTree = "<group>";
		};
		828A934E2815F1A90065F0FE /* ViewModels */ = {
			isa = PBXGroup;
			children = (
				82A5B75D281FDA000037F13A /* FeedViewModel.swift */,
			);
			path = ViewModels;
			sourceTree = "<group>";
		};
		828A934F2815F1C60065F0FE /* Views */ = {
			isa = PBXGroup;
			children = (
				828A93502815F1EB0065F0FE /* FeedView.swift */,
			);
			path = Views;
			sourceTree = "<group>";
		};
		828A93542815FA490065F0FE /* MainTab */ = {
			isa = PBXGroup;
			children = (
				822F23772816E1C70041D076 /* ViewModels */,
				822F23782816E1D50041D076 /* Views */,
			);
			path = MainTab;
			sourceTree = "<group>";
		};
		828A93572815FAEC0065F0FE /* Explore */ = {
			isa = PBXGroup;
			children = (
				822F23672816D83C0041D076 /* ViewModels */,
				822F23662816D8350041D076 /* Views */,
			);
			path = Explore;
			sourceTree = "<group>";
		};
		828A93582815FAF40065F0FE /* Notifications */ = {
			isa = PBXGroup;
			children = (
				828A935C2815FB4D0065F0FE /* NotificationsView.swift */,
			);
			path = Notifications;
			sourceTree = "<group>";
		};
		828A93592815FAFB0065F0FE /* Messages */ = {
			isa = PBXGroup;
			children = (
				82557E9B282967FC006DA0E9 /* ViewModels */,
				82557E9A282967F3006DA0E9 /* Views */,
			);
			path = Messages;
			sourceTree = "<group>";
		};
		828A93602815FC620065F0FE /* Profile */ = {
			isa = PBXGroup;
			children = (
				828A93622815FC7A0065F0FE /* ViewModels */,
				828A93612815FC6F0065F0FE /* Views */,
			);
			path = Profile;
			sourceTree = "<group>";
		};
		828A93612815FC6F0065F0FE /* Views */ = {
			isa = PBXGroup;
			children = (
				828A93632815FC900065F0FE /* ProfileView.swift */,
			);
			path = Views;
			sourceTree = "<group>";
		};
		828A93622815FC7A0065F0FE /* ViewModels */ = {
			isa = PBXGroup;
			children = (
				822F23622816D0850041D076 /* TweetFilterViewModel.swift */,
				82A5B75F281FE5B10037F13A /* ProfileViewModel.swift */,
			);
			path = ViewModels;
			sourceTree = "<group>";
		};
		82A5B761281FF07F0037F13A /* Views */ = {
			isa = PBXGroup;
			children = (
				828A93522815F2B70065F0FE /* TweetRowView.swift */,
				822F23642816D6C80041D076 /* TweetsView.swift */,
				8279FB862825792A003F0409 /* TweetInteractionButtons.swift */,
			);
			path = Views;
			sourceTree = "<group>";
		};
		82A5B762281FF08B0037F13A /* ViewModels */ = {
			isa = PBXGroup;
			children = (
				82A5B763281FF0A70037F13A /* TweetRowViewModel.swift */,
			);
			path = ViewModels;
			sourceTree = "<group>";
		};
		82BAA81728173B9B0066DCE5 /* CreateTweet */ = {
			isa = PBXGroup;
			children = (
				82BAA81928173BAD0066DCE5 /* ViewModels */,
				82BAA81828173BA80066DCE5 /* Views */,
			);
			path = CreateTweet;
			sourceTree = "<group>";
		};
		82BAA81828173BA80066DCE5 /* Views */ = {
			isa = PBXGroup;
			children = (
				82BAA81A28173BC30066DCE5 /* NewTweetView.swift */,
			);
			path = Views;
			sourceTree = "<group>";
		};
		82BAA81928173BAD0066DCE5 /* ViewModels */ = {
			isa = PBXGroup;
			children = (
				82A5B759281FCA670037F13A /* NewTweetViewModel.swift */,
			);
			path = ViewModels;
			sourceTree = "<group>";
		};
		82BAA81E281742790066DCE5 /* Authentication */ = {
			isa = PBXGroup;
			children = (
				82BAA8202817428E0066DCE5 /* ViewModels */,
				82BAA81F281742870066DCE5 /* Views */,
			);
			path = Authentication;
			sourceTree = "<group>";
		};
		82BAA81F281742870066DCE5 /* Views */ = {
			isa = PBXGroup;
			children = (
				82BAA821281742A20066DCE5 /* LoginView.swift */,
				82D691C728196ED10043B3DB /* SignupView.swift */,
			);
			path = Views;
			sourceTree = "<group>";
		};
		82BAA8202817428E0066DCE5 /* ViewModels */ = {
			isa = PBXGroup;
			children = (
				822551B428194AE50024C404 /* AuthViewModel.swift */,
			);
			path = ViewModels;
			sourceTree = "<group>";
		};
		82C100BB2817F3FD0030DF3F /* TextField */ = {
			isa = PBXGroup;
			children = (
				82C100B92817ECE40030DF3F /* CustomTextField.swift */,
				82BAA81C28173CCC0066DCE5 /* TextAreaView.swift */,
				8285BF6C28202C7A004019F9 /* SearchBarView.swift */,
			);
			path = TextField;
			sourceTree = "<group>";
		};
		82C100C0281816690030DF3F /* Authentication */ = {
			isa = PBXGroup;
			children = (
				82C100C1281816830030DF3F /* AuthenticationHeaderView.swift */,
			);
			path = Authentication;
			sourceTree = "<group>";
		};
/* End PBXGroup section */

/* Begin PBXNativeTarget section */
		828A93342815F10C0065F0FE /* Twitter Clone */ = {
			isa = PBXNativeTarget;
			buildConfigurationList = 828A93432815F10D0065F0FE /* Build configuration list for PBXNativeTarget "Twitter Clone" */;
			buildPhases = (
				828A93312815F10C0065F0FE /* Sources */,
				828A93322815F10C0065F0FE /* Frameworks */,
				828A93332815F10C0065F0FE /* Resources */,
			);
			buildRules = (
			);
			dependencies = (
			);
			name = "Twitter Clone";
			packageProductDependencies = (
				8220189A2819415C006CC79F /* FirebaseAuth */,
				8220189C2819415C006CC79F /* FirebaseFirestore */,
				8220189E2819415C006CC79F /* FirebaseFirestoreSwift-Beta */,
				822018A02819415C006CC79F /* FirebaseStorage */,
				825B3C26281BDD5A000EE316 /* Kingfisher */,
			);
			productName = "Twitter Clone";
			productReference = 828A93352815F10C0065F0FE /* Twitter Clone.app */;
			productType = "com.apple.product-type.application";
		};
/* End PBXNativeTarget section */

/* Begin PBXProject section */
		828A932D2815F10C0065F0FE /* Project object */ = {
			isa = PBXProject;
			attributes = {
				BuildIndependentTargetsInParallel = 1;
				LastSwiftUpdateCheck = 1300;
				LastUpgradeCheck = 1300;
				TargetAttributes = {
					828A93342815F10C0065F0FE = {
						CreatedOnToolsVersion = 13.0;
					};
				};
			};
			buildConfigurationList = 828A93302815F10C0065F0FE /* Build configuration list for PBXProject "Twitter Clone" */;
			compatibilityVersion = "Xcode 13.0";
			developmentRegion = en;
			hasScannedForEncodings = 0;
			knownRegions = (
				en,
				Base,
			);
			mainGroup = 828A932C2815F10C0065F0FE;
			packageReferences = (
				822018992819415C006CC79F /* XCRemoteSwiftPackageReference "firebase-ios-sdk" */,
				825B3C25281BDD5A000EE316 /* XCRemoteSwiftPackageReference "Kingfisher" */,
			);
			productRefGroup = 828A93362815F10C0065F0FE /* Products */;
			projectDirPath = "";
			projectRoot = "";
			targets = (
				828A93342815F10C0065F0FE /* Twitter Clone */,
			);
		};
/* End PBXProject section */

/* Begin PBXResourcesBuildPhase section */
		828A93332815F10C0065F0FE /* Resources */ = {
			isa = PBXResourcesBuildPhase;
			buildActionMask = 2147483647;
			files = (
				828A93402815F10D0065F0FE /* Preview Assets.xcassets in Resources */,
				828A933D2815F10D0065F0FE /* Assets.xcassets in Resources */,
				8220189828193C8D006CC79F /* GoogleService-Info.plist in Resources */,
			);
			runOnlyForDeploymentPostprocessing = 0;
		};
/* End PBXResourcesBuildPhase section */

/* Begin PBXSourcesBuildPhase section */
		828A93312815F10C0065F0FE /* Sources */ = {
			isa = PBXSourcesBuildPhase;
			buildActionMask = 2147483647;
			files = (
				828A935F2815FB6F0065F0FE /* ChatView.swift in Sources */,
				82A5B764281FF0A70037F13A /* TweetRowViewModel.swift in Sources */,
				822F23762816DE230041D076 /* ProfileFollowView.swift in Sources */,
				828A93642815FC900065F0FE /* ProfileView.swift in Sources */,
				82A5B75C281FD07C0037F13A /* Tweet.swift in Sources */,
				82174E4B28270FE400F30F1C /* MainNavigationBar.swift in Sources */,
				8279FB8D2825A713003F0409 /* NavigationBar.swift in Sources */,
				82C100BA2817ECE40030DF3F /* CustomTextField.swift in Sources */,
				82791AC0282BC476005F29B0 /* FlippedUpsideDown.swift in Sources */,
				825B3C24281BD857000EE316 /* User.swift in Sources */,
				820759C3282A74560052E852 /* Message.swift in Sources */,
				820759C7282A78D20052E852 /* ChatViewModel.swift in Sources */,
				82A5B75E281FDA000037F13A /* FeedViewModel.swift in Sources */,
				82A5B758281FC99F0037F13A /* TweetService.swift in Sources */,
				82C100C2281816830030DF3F /* AuthenticationHeaderView.swift in Sources */,
				82174E4D282710F800F30F1C /* NavBarWithBack.swift in Sources */,
				828A933B2815F10C0065F0FE /* ContentView.swift in Sources */,
				822F23722816DC7E0041D076 /* SideMenuRowView.swift in Sources */,
				829A264E282807F300867995 /* ChatRowView.swift in Sources */,
				820759C9282A7D2A0052E852 /* MessagesViewModel.swift in Sources */,
				82A5B75A281FCA670037F13A /* NewTweetViewModel.swift in Sources */,
				822F23702816DC6D0041D076 /* SideMenuView.swift in Sources */,
				822F23652816D6C80041D076 /* TweetsView.swift in Sources */,
				825B3C2B281BE73B000EE316 /* UserProfileImageView.swift in Sources */,
				822F23632816D0850041D076 /* TweetFilterViewModel.swift in Sources */,
				82C100C4281818BD0030DF3F /* AuthButton.swift in Sources */,
				828A93532815F2B70065F0FE /* TweetRowView.swift in Sources */,
				828A935D2815FB4D0065F0FE /* NotificationsView.swift in Sources */,
				8279FB872825792A003F0409 /* TweetInteractionButtons.swift in Sources */,
				820759CB282A9A7E0052E852 /* Chat.swift in Sources */,
				82A5B760281FE5B10037F13A /* ProfileViewModel.swift in Sources */,
				82174E4F2827143600F30F1C /* RoundedShape.swift in Sources */,
				829F0167282D4BC900833745 /* DateExtension.swift in Sources */,
				828563B028255B0C00EF9CE6 /* TweetView.swift in Sources */,
				828A93512815F1EB0065F0FE /* FeedView.swift in Sources */,
				8252534128324A3300CF6B4F /* UINavigationControllerExtension.swift in Sources */,
				82D691C828196ED10043B3DB /* SignupView.swift in Sources */,
				8223D9AE281AD52500FEAEB1 /* ImageUploader.swift in Sources */,
				822CADDD281A89F200CD9C0F /* ImagePicker.swift in Sources */,
				8285BF6D28202C7A004019F9 /* SearchBarView.swift in Sources */,
				8279FB8B2825A16D003F0409 /* NavigationButton.swift in Sources */,
				82AA19852824FF81000A2A16 /* SideBarStack.swift in Sources */,
				828A93392815F10C0065F0FE /* Twitter_CloneApp.swift in Sources */,
				822551B528194AE50024C404 /* AuthViewModel.swift in Sources */,
				828A935B2815FB380065F0FE /* ExploreView.swift in Sources */,
				82BAA81B28173BC30066DCE5 /* NewTweetView.swift in Sources */,
				822F236B2816D8EF0041D076 /* UserRowView.swift in Sources */,
				820759C1282A52860052E852 /* MessageService.swift in Sources */,
				82B6391728187C3700BB66C5 /* ViewExtension.swift in Sources */,
				82BAA81D28173CCC0066DCE5 /* TextAreaView.swift in Sources */,
				822F23742816DC8A0041D076 /* SideMenuViewModel.swift in Sources */,
				825B3C22281BD71C000EE316 /* UserService.swift in Sources */,
				82557EA0282969F3006DA0E9 /* SingleMessageView.swift in Sources */,
				825B3C29281BE5FF000EE316 /* ExploreViewModel.swift in Sources */,
				828A93562815FA5E0065F0FE /* MainTabView.swift in Sources */,
				82557E9D28296894006DA0E9 /* MessagesView.swift in Sources */,
				82BAA822281742A20066DCE5 /* LoginView.swift in Sources */,
				822F237A2816E1EE0041D076 /* MainTabViewModels.swift in Sources */,
			);
			runOnlyForDeploymentPostprocessing = 0;
		};
/* End PBXSourcesBuildPhase section */

/* Begin XCBuildConfiguration section */
		828A93412815F10D0065F0FE /* Debug */ = {
			isa = XCBuildConfiguration;
			buildSettings = {
				ALWAYS_SEARCH_USER_PATHS = NO;
				CLANG_ANALYZER_NONNULL = YES;
				CLANG_ANALYZER_NUMBER_OBJECT_CONVERSION = YES_AGGRESSIVE;
				CLANG_CXX_LANGUAGE_STANDARD = "gnu++17";
				CLANG_CXX_LIBRARY = "libc++";
				CLANG_ENABLE_MODULES = YES;
				CLANG_ENABLE_OBJC_ARC = YES;
				CLANG_ENABLE_OBJC_WEAK = YES;
				CLANG_WARN_BLOCK_CAPTURE_AUTORELEASING = YES;
				CLANG_WARN_BOOL_CONVERSION = YES;
				CLANG_WARN_COMMA = YES;
				CLANG_WARN_CONSTANT_CONVERSION = YES;
				CLANG_WARN_DEPRECATED_OBJC_IMPLEMENTATIONS = YES;
				CLANG_WARN_DIRECT_OBJC_ISA_USAGE = YES_ERROR;
				CLANG_WARN_DOCUMENTATION_COMMENTS = YES;
				CLANG_WARN_EMPTY_BODY = YES;
				CLANG_WARN_ENUM_CONVERSION = YES;
				CLANG_WARN_INFINITE_RECURSION = YES;
				CLANG_WARN_INT_CONVERSION = YES;
				CLANG_WARN_NON_LITERAL_NULL_CONVERSION = YES;
				CLANG_WARN_OBJC_IMPLICIT_RETAIN_SELF = YES;
				CLANG_WARN_OBJC_LITERAL_CONVERSION = YES;
				CLANG_WARN_OBJC_ROOT_CLASS = YES_ERROR;
				CLANG_WARN_QUOTED_INCLUDE_IN_FRAMEWORK_HEADER = YES;
				CLANG_WARN_RANGE_LOOP_ANALYSIS = YES;
				CLANG_WARN_STRICT_PROTOTYPES = YES;
				CLANG_WARN_SUSPICIOUS_MOVE = YES;
				CLANG_WARN_UNGUARDED_AVAILABILITY = YES_AGGRESSIVE;
				CLANG_WARN_UNREACHABLE_CODE = YES;
				CLANG_WARN__DUPLICATE_METHOD_MATCH = YES;
				COPY_PHASE_STRIP = NO;
				DEBUG_INFORMATION_FORMAT = dwarf;
				ENABLE_STRICT_OBJC_MSGSEND = YES;
				ENABLE_TESTABILITY = YES;
				GCC_C_LANGUAGE_STANDARD = gnu11;
				GCC_DYNAMIC_NO_PIC = NO;
				GCC_NO_COMMON_BLOCKS = YES;
				GCC_OPTIMIZATION_LEVEL = 0;
				GCC_PREPROCESSOR_DEFINITIONS = (
					"DEBUG=1",
					"$(inherited)",
				);
				GCC_WARN_64_TO_32_BIT_CONVERSION = YES;
				GCC_WARN_ABOUT_RETURN_TYPE = YES_ERROR;
				GCC_WARN_UNDECLARED_SELECTOR = YES;
				GCC_WARN_UNINITIALIZED_AUTOS = YES_AGGRESSIVE;
				GCC_WARN_UNUSED_FUNCTION = YES;
				GCC_WARN_UNUSED_VARIABLE = YES;
				IPHONEOS_DEPLOYMENT_TARGET = 15.0;
				MTL_ENABLE_DEBUG_INFO = INCLUDE_SOURCE;
				MTL_FAST_MATH = YES;
				ONLY_ACTIVE_ARCH = YES;
				SDKROOT = iphoneos;
				SWIFT_ACTIVE_COMPILATION_CONDITIONS = DEBUG;
				SWIFT_OPTIMIZATION_LEVEL = "-Onone";
			};
			name = Debug;
		};
		828A93422815F10D0065F0FE /* Release */ = {
			isa = XCBuildConfiguration;
			buildSettings = {
				ALWAYS_SEARCH_USER_PATHS = NO;
				CLANG_ANALYZER_NONNULL = YES;
				CLANG_ANALYZER_NUMBER_OBJECT_CONVERSION = YES_AGGRESSIVE;
				CLANG_CXX_LANGUAGE_STANDARD = "gnu++17";
				CLANG_CXX_LIBRARY = "libc++";
				CLANG_ENABLE_MODULES = YES;
				CLANG_ENABLE_OBJC_ARC = YES;
				CLANG_ENABLE_OBJC_WEAK = YES;
				CLANG_WARN_BLOCK_CAPTURE_AUTORELEASING = YES;
				CLANG_WARN_BOOL_CONVERSION = YES;
				CLANG_WARN_COMMA = YES;
				CLANG_WARN_CONSTANT_CONVERSION = YES;
				CLANG_WARN_DEPRECATED_OBJC_IMPLEMENTATIONS = YES;
				CLANG_WARN_DIRECT_OBJC_ISA_USAGE = YES_ERROR;
				CLANG_WARN_DOCUMENTATION_COMMENTS = YES;
				CLANG_WARN_EMPTY_BODY = YES;
				CLANG_WARN_ENUM_CONVERSION = YES;
				CLANG_WARN_INFINITE_RECURSION = YES;
				CLANG_WARN_INT_CONVERSION = YES;
				CLANG_WARN_NON_LITERAL_NULL_CONVERSION = YES;
				CLANG_WARN_OBJC_IMPLICIT_RETAIN_SELF = YES;
				CLANG_WARN_OBJC_LITERAL_CONVERSION = YES;
				CLANG_WARN_OBJC_ROOT_CLASS = YES_ERROR;
				CLANG_WARN_QUOTED_INCLUDE_IN_FRAMEWORK_HEADER = YES;
				CLANG_WARN_RANGE_LOOP_ANALYSIS = YES;
				CLANG_WARN_STRICT_PROTOTYPES = YES;
				CLANG_WARN_SUSPICIOUS_MOVE = YES;
				CLANG_WARN_UNGUARDED_AVAILABILITY = YES_AGGRESSIVE;
				CLANG_WARN_UNREACHABLE_CODE = YES;
				CLANG_WARN__DUPLICATE_METHOD_MATCH = YES;
				COPY_PHASE_STRIP = NO;
				DEBUG_INFORMATION_FORMAT = "dwarf-with-dsym";
				ENABLE_NS_ASSERTIONS = NO;
				ENABLE_STRICT_OBJC_MSGSEND = YES;
				GCC_C_LANGUAGE_STANDARD = gnu11;
				GCC_NO_COMMON_BLOCKS = YES;
				GCC_WARN_64_TO_32_BIT_CONVERSION = YES;
				GCC_WARN_ABOUT_RETURN_TYPE = YES_ERROR;
				GCC_WARN_UNDECLARED_SELECTOR = YES;
				GCC_WARN_UNINITIALIZED_AUTOS = YES_AGGRESSIVE;
				GCC_WARN_UNUSED_FUNCTION = YES;
				GCC_WARN_UNUSED_VARIABLE = YES;
				IPHONEOS_DEPLOYMENT_TARGET = 15.0;
				MTL_ENABLE_DEBUG_INFO = NO;
				MTL_FAST_MATH = YES;
				SDKROOT = iphoneos;
				SWIFT_COMPILATION_MODE = wholemodule;
				SWIFT_OPTIMIZATION_LEVEL = "-O";
				VALIDATE_PRODUCT = YES;
			};
			name = Release;
		};
		828A93442815F10D0065F0FE /* Debug */ = {
			isa = XCBuildConfiguration;
			buildSettings = {
				ASSETCATALOG_COMPILER_APPICON_NAME = AppIcon;
				ASSETCATALOG_COMPILER_GLOBAL_ACCENT_COLOR_NAME = AccentColor;
				CODE_SIGN_STYLE = Automatic;
				CURRENT_PROJECT_VERSION = 1;
				DEVELOPMENT_ASSET_PATHS = "\"Twitter Clone/Preview Content\"";
				DEVELOPMENT_TEAM = TBF67HVY8N;
				ENABLE_PREVIEWS = YES;
				GENERATE_INFOPLIST_FILE = YES;
				INFOPLIST_KEY_UIApplicationSceneManifest_Generation = YES;
				INFOPLIST_KEY_UIApplicationSupportsIndirectInputEvents = YES;
				INFOPLIST_KEY_UILaunchScreen_Generation = YES;
				INFOPLIST_KEY_UISupportedInterfaceOrientations_iPad = "UIInterfaceOrientationPortrait UIInterfaceOrientationPortraitUpsideDown UIInterfaceOrientationLandscapeLeft UIInterfaceOrientationLandscapeRight";
				INFOPLIST_KEY_UISupportedInterfaceOrientations_iPhone = "UIInterfaceOrientationPortrait UIInterfaceOrientationLandscapeLeft UIInterfaceOrientationLandscapeRight";
				IPHONEOS_DEPLOYMENT_TARGET = 15.0;
				LD_RUNPATH_SEARCH_PATHS = (
					"$(inherited)",
					"@executable_path/Frameworks",
				);
				MARKETING_VERSION = 1.0;
				PRODUCT_BUNDLE_IDENTIFIER = "it.lerpof.Twitter-Clone";
				PRODUCT_NAME = "$(TARGET_NAME)";
				SWIFT_EMIT_LOC_STRINGS = YES;
				SWIFT_VERSION = 5.0;
				TARGETED_DEVICE_FAMILY = "1,2";
			};
			name = Debug;
		};
		828A93452815F10D0065F0FE /* Release */ = {
			isa = XCBuildConfiguration;
			buildSettings = {
				ASSETCATALOG_COMPILER_APPICON_NAME = AppIcon;
				ASSETCATALOG_COMPILER_GLOBAL_ACCENT_COLOR_NAME = AccentColor;
				CODE_SIGN_STYLE = Automatic;
				CURRENT_PROJECT_VERSION = 1;
				DEVELOPMENT_ASSET_PATHS = "\"Twitter Clone/Preview Content\"";
				DEVELOPMENT_TEAM = TBF67HVY8N;
				ENABLE_PREVIEWS = YES;
				GENERATE_INFOPLIST_FILE = YES;
				INFOPLIST_KEY_UIApplicationSceneManifest_Generation = YES;
				INFOPLIST_KEY_UIApplicationSupportsIndirectInputEvents = YES;
				INFOPLIST_KEY_UILaunchScreen_Generation = YES;
				INFOPLIST_KEY_UISupportedInterfaceOrientations_iPad = "UIInterfaceOrientationPortrait UIInterfaceOrientationPortraitUpsideDown UIInterfaceOrientationLandscapeLeft UIInterfaceOrientationLandscapeRight";
				INFOPLIST_KEY_UISupportedInterfaceOrientations_iPhone = "UIInterfaceOrientationPortrait UIInterfaceOrientationLandscapeLeft UIInterfaceOrientationLandscapeRight";
				IPHONEOS_DEPLOYMENT_TARGET = 15.0;
				LD_RUNPATH_SEARCH_PATHS = (
					"$(inherited)",
					"@executable_path/Frameworks",
				);
				MARKETING_VERSION = 1.0;
				PRODUCT_BUNDLE_IDENTIFIER = "it.lerpof.Twitter-Clone";
				PRODUCT_NAME = "$(TARGET_NAME)";
				SWIFT_EMIT_LOC_STRINGS = YES;
				SWIFT_VERSION = 5.0;
				TARGETED_DEVICE_FAMILY = "1,2";
			};
			name = Release;
		};
/* End XCBuildConfiguration section */

/* Begin XCConfigurationList section */
		828A93302815F10C0065F0FE /* Build configuration list for PBXProject "Twitter Clone" */ = {
			isa = XCConfigurationList;
			buildConfigurations = (
				828A93412815F10D0065F0FE /* Debug */,
				828A93422815F10D0065F0FE /* Release */,
			);
			defaultConfigurationIsVisible = 0;
			defaultConfigurationName = Release;
		};
		828A93432815F10D0065F0FE /* Build configuration list for PBXNativeTarget "Twitter Clone" */ = {
			isa = XCConfigurationList;
			buildConfigurations = (
				828A93442815F10D0065F0FE /* Debug */,
				828A93452815F10D0065F0FE /* Release */,
			);
			defaultConfigurationIsVisible = 0;
			defaultConfigurationName = Release;
		};
/* End XCConfigurationList section */

/* Begin XCRemoteSwiftPackageReference section */
		822018992819415C006CC79F /* XCRemoteSwiftPackageReference "firebase-ios-sdk" */ = {
			isa = XCRemoteSwiftPackageReference;
			repositoryURL = "https://github.com/firebase/firebase-ios-sdk";
			requirement = {
				kind = upToNextMajorVersion;
				minimumVersion = 8.0.0;
			};
		};
		825B3C25281BDD5A000EE316 /* XCRemoteSwiftPackageReference "Kingfisher" */ = {
			isa = XCRemoteSwiftPackageReference;
			repositoryURL = "https://github.com/onevcat/Kingfisher.git";
			requirement = {
				kind = upToNextMajorVersion;
				minimumVersion = 7.0.0;
			};
		};
/* End XCRemoteSwiftPackageReference section */

/* Begin XCSwiftPackageProductDependency section */
		8220189A2819415C006CC79F /* FirebaseAuth */ = {
			isa = XCSwiftPackageProductDependency;
			package = 822018992819415C006CC79F /* XCRemoteSwiftPackageReference "firebase-ios-sdk" */;
			productName = FirebaseAuth;
		};
		8220189C2819415C006CC79F /* FirebaseFirestore */ = {
			isa = XCSwiftPackageProductDependency;
			package = 822018992819415C006CC79F /* XCRemoteSwiftPackageReference "firebase-ios-sdk" */;
			productName = FirebaseFirestore;
		};
		8220189E2819415C006CC79F /* FirebaseFirestoreSwift-Beta */ = {
			isa = XCSwiftPackageProductDependency;
			package = 822018992819415C006CC79F /* XCRemoteSwiftPackageReference "firebase-ios-sdk" */;
			productName = "FirebaseFirestoreSwift-Beta";
		};
		822018A02819415C006CC79F /* FirebaseStorage */ = {
			isa = XCSwiftPackageProductDependency;
			package = 822018992819415C006CC79F /* XCRemoteSwiftPackageReference "firebase-ios-sdk" */;
			productName = FirebaseStorage;
		};
		825B3C26281BDD5A000EE316 /* Kingfisher */ = {
			isa = XCSwiftPackageProductDependency;
			package = 825B3C25281BDD5A000EE316 /* XCRemoteSwiftPackageReference "Kingfisher" */;
			productName = Kingfisher;
		};
/* End XCSwiftPackageProductDependency section */
	};
	rootObject = 828A932D2815F10C0065F0FE /* Project object */;
}
